PODS:
  - Alamofire (4.4.0)
  - MBProgressHUD (1.0.0)
  - MMDrawerController (0.6.0):
    - MMDrawerController/Core (= 0.6.0)
    - MMDrawerController/MMDrawerBarButtonItem (= 0.6.0)
    - MMDrawerController/MMDrawerVisualStates (= 0.6.0)
    - MMDrawerController/Subclass (= 0.6.0)
  - MMDrawerController/Core (0.6.0)
  - MMDrawerController/MMDrawerBarButtonItem (0.6.0):
    - MMDrawerController/Core
  - MMDrawerController/MMDrawerVisualStates (0.6.0):
    - MMDrawerController/Core
  - MMDrawerController/Subclass (0.6.0):
    - MMDrawerController/Core
  - SwiftyJSON (3.1.4)

DEPENDENCIES:
  - Alamofire
  - MBProgressHUD (~> 1.0.0)
  - MMDrawerController
  - SwiftyJSON

SPEC CHECKSUMS:
  Alamofire: dc44b1600b800eb63da6a19039a0083d62a6a62d
  MBProgressHUD: 4890f671c94e8a0f3cf959aa731e9de2f036d71a
  MMDrawerController: e3a54a5570388463ad3b36975251575b50c4e1a0
  SwiftyJSON: c2842d878f95482ffceec5709abc3d05680c0220

PODFILE CHECKSUM: 7098781bf2c985b185b3573e57e21280e94aa8fa

COCOAPODS: 1.2.0
