PODS:
  - Alamofire (4.4.0)
  - MBProgressHUD (1.0.0)
  - MMDrawerController (0.6.0):
    - MMDrawerController/Core (= 0.6.0)
    - MMDrawerController/MMDrawerBarButtonItem (= 0.6.0)
    - MMDrawerController/MMDrawerVisualStates (= 0.6.0)
    - MMDrawerController/Subclass (= 0.6.0)
  - MMDrawerController/Core (0.6.0)
  - MMDrawerController/MMDrawerBarButtonItem (0.6.0):
    - MMDrawerController/Core
  - MMDrawerController/MMDrawerVisualStates (0.6.0):
    - MMDrawerController/Core
  - MMDrawerController/Subclass (0.6.0):
    - MMDrawerController/Core
  - PageMenu (2.0.0)
  - SwiftyJSON (3.1.4)
  - TPKeyboardAvoiding (1.3.1)

DEPENDENCIES:
  - Alamofire
  - MBProgressHUD (~> 1.0.0)
  - MMDrawerController
  - PageMenu
  - SwiftyJSON
  - TPKeyboardAvoiding

SPEC CHECKSUMS:
  Alamofire: dc44b1600b800eb63da6a19039a0083d62a6a62d
  MBProgressHUD: 4890f671c94e8a0f3cf959aa731e9de2f036d71a
  MMDrawerController: e3a54a5570388463ad3b36975251575b50c4e1a0
  PageMenu: 9c38fd7e0d9ef4b1408320f55bb907bbc0e538dc
  SwiftyJSON: c2842d878f95482ffceec5709abc3d05680c0220
  TPKeyboardAvoiding: 0d6af20e95e2850f4c621841225b59ec7d8dd852

PODFILE CHECKSUM: ec039b17d48dec30cdf3e7ce8120bc7ef85899bb

COCOAPODS: 1.2.0
